dependencies:
- name: learn-common
  repository: file://../../learn-common
  version: 0.1.0
- name: configserver
  repository: file://../../learn-services/configserver
  version: 0.1.0
- name: accounts
  repository: file://../../learn-services/accounts
  version: 0.1.0
- name: cards
  repository: file://../../learn-services/cards
  version: 0.1.0
- name: loans
  repository: file://../../learn-services/loans
  version: 0.1.0
- name: gatewayserver
  repository: file://../../learn-services/gatewayserver
  version: 0.1.0
digest: sha256:4c6f553a09fff2d9486a7ce5ee275df444924c289a00d4214de938bee987f84b
generated: "2025-06-10T01:19:48.8714227+05:30"
